# This file was autogenerated by Stack.
# You should not edit this file by hand.
# For more information, please see the documentation at:
#   https://docs.haskellstack.org/en/stable/lock_files

packages:
- completed:
    hackage: easyplot-1.0@sha256:3fec6ccf425b370ab668eb342bc4cd92777880653e27a982db7b225fd007cb2b,1936
    pantry-tree:
      size: 219
      sha256: a5de94b54a51732bf70a601fca8c905fe074ecf870ea573db36d53a3bbb282f4
  original:
    hackage: easyplot-1.0
snapshots:
- completed:
    size: 498186
    url: https://raw.githubusercontent.com/commercialhaskell/stackage-snapshots/master/lts/13/22.yaml
    sha256: d4f07dc3d5658260c2fe34266ad7618f6c84d34decf559c9c786ac1cfccf4e7b
  original: lts-13.22
